
Microsoft Visual Studio Solution File, Format Version 12.00
# Visual Studio Version 17
VisualStudioVersion = 17.2.32516.85
MinimumVisualStudioVersion = 10.0.40219.1
Project("{FAE04EC0-301F-11D3-BF4B-00C04F79EFBC}") = "PasswordsVaultUI", "PasswordsVaultUI\PasswordsVaultUI.csproj", "{EA40EFE3-5079-47FD-B043-D6FE2F140E5E}"
EndProject
Global
	GlobalSection(SolutionConfigurationPlatforms) = preSolution
		Debug|Any CPU = Debug|Any CPU
		Release|Any CPU = Release|Any CPU
	EndGlobalSection
	GlobalSection(ProjectConfigurationPlatforms) = postSolution
		{EA40EFE3-5079-47FD-B043-D6FE2F140E5E}.Debug|Any CPU.ActiveCfg = Debug|Any CPU
		{EA40EFE3-5079-47FD-B043-D6FE2F140E5E}.Debug|Any CPU.Build.0 = Debug|Any CPU
		{EA40EFE3-5079-47FD-B043-D6FE2F140E5E}.Release|Any CPU.ActiveCfg = Release|Any CPU
		{EA40EFE3-5079-47FD-B043-D6FE2F140E5E}.Release|Any CPU.Build.0 = Release|Any CPU
	EndGlobalSection
	GlobalSection(SolutionProperties) = preSolution
		HideSolutionNode = FALSE
	EndGlobalSection
	GlobalSection(ExtensibilityGlobals) = postSolution
		SolutionGuid = {A729D003-0740-4043-A13C-BBD19357AFE2}
	EndGlobalSection
EndGlobal
